
Microsoft Visual Studio Solution File, Format Version 12.00
# Visual Studio Version 17
VisualStudioVersion = 17.4.33205.214
MinimumVisualStudioVersion = 10.0.40219.1
Project("{FAE04EC0-301F-11D3-BF4B-00C04F79EFBC}") = "MathLib", "ClassLibraryUnitTest1\MathLib.csproj", "{FD0CAA6D-EC4B-4735-88D3-E157B04210B0}"
EndProject
Project("{FAE04EC0-301F-11D3-BF4B-00C04F79EFBC}") = "MathLib.Test", "MathLib.Test\MathLib.Test.csproj", "{69FBEE0F-CFF9-442D-8AB8-E2AD738B2F43}"
EndProject
Project("{FAE04EC0-301F-11D3-BF4B-00C04F79EFBC}") = "Calculator", "Calculator\Calculator.csproj", "{75626023-7082-4DF5-BF91-BE375EE580EB}"
EndProject
Global
	GlobalSection(SolutionConfigurationPlatforms) = preSolution
		Debug|Any CPU = Debug|Any CPU
		Release|Any CPU = Release|Any CPU
	EndGlobalSection
	GlobalSection(ProjectConfigurationPlatforms) = postSolution
		{FD0CAA6D-EC4B-4735-88D3-E157B04210B0}.Debug|Any CPU.ActiveCfg = Debug|Any CPU
		{FD0CAA6D-EC4B-4735-88D3-E157B04210B0}.Debug|Any CPU.Build.0 = Debug|Any CPU
		{FD0CAA6D-EC4B-4735-88D3-E157B04210B0}.Release|Any CPU.ActiveCfg = Release|Any CPU
		{FD0CAA6D-EC4B-4735-88D3-E157B04210B0}.Release|Any CPU.Build.0 = Release|Any CPU
		{69FBEE0F-CFF9-442D-8AB8-E2AD738B2F43}.Debug|Any CPU.ActiveCfg = Debug|Any CPU
		{69FBEE0F-CFF9-442D-8AB8-E2AD738B2F43}.Debug|Any CPU.Build.0 = Debug|Any CPU
		{69FBEE0F-CFF9-442D-8AB8-E2AD738B2F43}.Release|Any CPU.ActiveCfg = Release|Any CPU
		{69FBEE0F-CFF9-442D-8AB8-E2AD738B2F43}.Release|Any CPU.Build.0 = Release|Any CPU
		{75626023-7082-4DF5-BF91-BE375EE580EB}.Debug|Any CPU.ActiveCfg = Debug|Any CPU
		{75626023-7082-4DF5-BF91-BE375EE580EB}.Debug|Any CPU.Build.0 = Debug|Any CPU
		{75626023-7082-4DF5-BF91-BE375EE580EB}.Release|Any CPU.ActiveCfg = Release|Any CPU
		{75626023-7082-4DF5-BF91-BE375EE580EB}.Release|Any CPU.Build.0 = Release|Any CPU
	EndGlobalSection
	GlobalSection(SolutionProperties) = preSolution
		HideSolutionNode = FALSE
	EndGlobalSection
	GlobalSection(ExtensibilityGlobals) = postSolution
		SolutionGuid = {16B08F9A-0893-4A37-B460-55280DD84EC8}
	EndGlobalSection
EndGlobal
